// !$*UTF8*$!
{
	archiveVersion = 1;
	classes = {
	};
	objectVersion = 48;
	objects = {

/* Begin PBXBuildFile section */
		1BD522711FE59FFC008BAC05 /* AppDelegate.swift in Sources */ = {isa = PBXBuildFile; fileRef = 1BD522701FE59FFC008BAC05 /* AppDelegate.swift */; };
		1BD522751FE59FFC008BAC05 /* Assets.xcassets in Resources */ = {isa = PBXBuildFile; fileRef = 1BD522741FE59FFC008BAC05 /* Assets.xcassets */; };
		1BD522781FE59FFC008BAC05 /* Main.storyboard in Resources */ = {isa = PBXBuildFile; fileRef = 1BD522761FE59FFC008BAC05 /* Main.storyboard */; };
		1BD522811FE5D078008BAC05 /* JSSapiFunctions.swift in Sources */ = {isa = PBXBuildFile; fileRef = 1BD522801FE5D078008BAC05 /* JSSapiFunctions.swift */; };
		1BD522841FE5D22B008BAC05 /* loginController.swift in Sources */ = {isa = PBXBuildFile; fileRef = 1BD522831FE5D22A008BAC05 /* loginController.swift */; };
		1BD522861FE61E9F008BAC05 /* mainInterfaceController.swift in Sources */ = {isa = PBXBuildFile; fileRef = 1BD522851FE61E9F008BAC05 /* mainInterfaceController.swift */; };
		1BD522881FE63B23008BAC05 /* computerButton.png in Resources */ = {isa = PBXBuildFile; fileRef = 1BD522871FE63B23008BAC05 /* computerButton.png */; };
		1BD5228A1FE63B30008BAC05 /* iOSbutton.png in Resources */ = {isa = PBXBuildFile; fileRef = 1BD522891FE63B30008BAC05 /* iOSbutton.png */; };
		1BD5228C1FE63CD6008BAC05 /* iOSViewController.swift in Sources */ = {isa = PBXBuildFile; fileRef = 1BD5228B1FE63CD6008BAC05 /* iOSViewController.swift */; };
		1BD5228E1FE63CE8008BAC05 /* computersViewController.swift in Sources */ = {isa = PBXBuildFile; fileRef = 1BD5228D1FE63CE8008BAC05 /* computersViewController.swift */; };
/* End PBXBuildFile section */

/* Begin PBXFileReference section */
		1BD5226D1FE59FFC008BAC05 /* SATk.app */ = {isa = PBXFileReference; explicitFileType = wrapper.application; includeInIndex = 0; path = SATk.app; sourceTree = BUILT_PRODUCTS_DIR; };
		1BD522701FE59FFC008BAC05 /* AppDelegate.swift */ = {isa = PBXFileReference; lastKnownFileType = sourcecode.swift; path = AppDelegate.swift; sourceTree = "<group>"; };
		1BD522741FE59FFC008BAC05 /* Assets.xcassets */ = {isa = PBXFileReference; lastKnownFileType = folder.assetcatalog; path = Assets.xcassets; sourceTree = "<group>"; };
		1BD522771FE59FFC008BAC05 /* Base */ = {isa = PBXFileReference; lastKnownFileType = file.storyboard; name = Base; path = Base.lproj/Main.storyboard; sourceTree = "<group>"; };
		1BD522791FE59FFC008BAC05 /* Info.plist */ = {isa = PBXFileReference; lastKnownFileType = text.plist.xml; path = Info.plist; sourceTree = "<group>"; };
		1BD5227A1FE59FFC008BAC05 /* SATk.entitlements */ = {isa = PBXFileReference; lastKnownFileType = text.plist.entitlements; path = SATk.entitlements; sourceTree = "<group>"; };
		1BD522801FE5D078008BAC05 /* JSSapiFunctions.swift */ = {isa = PBXFileReference; fileEncoding = 4; lastKnownFileType = sourcecode.swift; path = JSSapiFunctions.swift; sourceTree = "<group>"; };
		1BD522831FE5D22A008BAC05 /* loginController.swift */ = {isa = PBXFileReference; fileEncoding = 4; lastKnownFileType = sourcecode.swift; path = loginController.swift; sourceTree = "<group>"; };
		1BD522851FE61E9F008BAC05 /* mainInterfaceController.swift */ = {isa = PBXFileReference; lastKnownFileType = sourcecode.swift; path = mainInterfaceController.swift; sourceTree = "<group>"; };
		1BD522871FE63B23008BAC05 /* computerButton.png */ = {isa = PBXFileReference; lastKnownFileType = image.png; path = computerButton.png; sourceTree = "<group>"; };
		1BD522891FE63B30008BAC05 /* iOSbutton.png */ = {isa = PBXFileReference; lastKnownFileType = image.png; path = iOSbutton.png; sourceTree = "<group>"; };
		1BD5228B1FE63CD6008BAC05 /* iOSViewController.swift */ = {isa = PBXFileReference; lastKnownFileType = sourcecode.swift; path = iOSViewController.swift; sourceTree = "<group>"; };
		1BD5228D1FE63CE8008BAC05 /* computersViewController.swift */ = {isa = PBXFileReference; lastKnownFileType = sourcecode.swift; path = computersViewController.swift; sourceTree = "<group>"; };
/* End PBXFileReference section */

/* Begin PBXFrameworksBuildPhase section */
		1BD5226A1FE59FFC008BAC05 /* Frameworks */ = {
			isa = PBXFrameworksBuildPhase;
			buildActionMask = 2147483647;
			files = (
			);
			runOnlyForDeploymentPostprocessing = 0;
		};
/* End PBXFrameworksBuildPhase section */

/* Begin PBXGroup section */
		1BD522641FE59FFC008BAC05 = {
			isa = PBXGroup;
			children = (
				1BD5226F1FE59FFC008BAC05 /* SATk */,
				1BD5226E1FE59FFC008BAC05 /* Products */,
			);
			sourceTree = "<group>";
		};
		1BD5226E1FE59FFC008BAC05 /* Products */ = {
			isa = PBXGroup;
			children = (
				1BD5226D1FE59FFC008BAC05 /* SATk.app */,
			);
			name = Products;
			sourceTree = "<group>";
		};
		1BD5226F1FE59FFC008BAC05 /* SATk */ = {
			isa = PBXGroup;
			children = (
				1BD522701FE59FFC008BAC05 /* AppDelegate.swift */,
				1BD5228D1FE63CE8008BAC05 /* computersViewController.swift */,
				1BD5228B1FE63CD6008BAC05 /* iOSViewController.swift */,
				1BD522851FE61E9F008BAC05 /* mainInterfaceController.swift */,
				1BD522801FE5D078008BAC05 /* JSSapiFunctions.swift */,
				1BD522831FE5D22A008BAC05 /* loginController.swift */,
				1BD522741FE59FFC008BAC05 /* Assets.xcassets */,
				1BD522871FE63B23008BAC05 /* computerButton.png */,
				1BD522891FE63B30008BAC05 /* iOSbutton.png */,
				1BD522761FE59FFC008BAC05 /* Main.storyboard */,
				1BD522791FE59FFC008BAC05 /* Info.plist */,
				1BD5227A1FE59FFC008BAC05 /* SATk.entitlements */,
			);
			path = SATk;
			sourceTree = "<group>";
		};
/* End PBXGroup section */

/* Begin PBXNativeTarget section */
		1BD5226C1FE59FFC008BAC05 /* SATk */ = {
			isa = PBXNativeTarget;
			buildConfigurationList = 1BD5227D1FE59FFC008BAC05 /* Build configuration list for PBXNativeTarget "SATk" */;
			buildPhases = (
				1BD522691FE59FFC008BAC05 /* Sources */,
				1BD5226A1FE59FFC008BAC05 /* Frameworks */,
				1BD5226B1FE59FFC008BAC05 /* Resources */,
			);
			buildRules = (
			);
			dependencies = (
			);
			name = SATk;
			productName = SATk;
			productReference = 1BD5226D1FE59FFC008BAC05 /* SATk.app */;
			productType = "com.apple.product-type.application";
		};
/* End PBXNativeTarget section */

/* Begin PBXProject section */
		1BD522651FE59FFC008BAC05 /* Project object */ = {
			isa = PBXProject;
			attributes = {
				LastSwiftUpdateCheck = 0920;
				LastUpgradeCheck = 0920;
				ORGANIZATIONNAME = "Donovan, Mike";
				TargetAttributes = {
					1BD5226C1FE59FFC008BAC05 = {
						CreatedOnToolsVersion = 9.2;
						ProvisioningStyle = Automatic;
						SystemCapabilities = {
							com.apple.Sandbox = {
								enabled = 0;
							};
						};
					};
				};
			};
			buildConfigurationList = 1BD522681FE59FFC008BAC05 /* Build configuration list for PBXProject "SATk" */;
			compatibilityVersion = "Xcode 8.0";
			developmentRegion = en;
			hasScannedForEncodings = 0;
			knownRegions = (
				en,
				Base,
			);
			mainGroup = 1BD522641FE59FFC008BAC05;
			productRefGroup = 1BD5226E1FE59FFC008BAC05 /* Products */;
			projectDirPath = "";
			projectRoot = "";
			targets = (
				1BD5226C1FE59FFC008BAC05 /* SATk */,
			);
		};
/* End PBXProject section */

/* Begin PBXResourcesBuildPhase section */
		1BD5226B1FE59FFC008BAC05 /* Resources */ = {
			isa = PBXResourcesBuildPhase;
			buildActionMask = 2147483647;
			files = (
				1BD522881FE63B23008BAC05 /* computerButton.png in Resources */,
				1BD522751FE59FFC008BAC05 /* Assets.xcassets in Resources */,
				1BD522781FE59FFC008BAC05 /* Main.storyboard in Resources */,
				1BD5228A1FE63B30008BAC05 /* iOSbutton.png in Resources */,
			);
			runOnlyForDeploymentPostprocessing = 0;
		};
/* End PBXResourcesBuildPhase section */

/* Begin PBXSourcesBuildPhase section */
		1BD522691FE59FFC008BAC05 /* Sources */ = {
			isa = PBXSourcesBuildPhase;
			buildActionMask = 2147483647;
			files = (
				1BD522811FE5D078008BAC05 /* JSSapiFunctions.swift in Sources */,
				1BD5228E1FE63CE8008BAC05 /* computersViewController.swift in Sources */,
				1BD522861FE61E9F008BAC05 /* mainInterfaceController.swift in Sources */,
				1BD5228C1FE63CD6008BAC05 /* iOSViewController.swift in Sources */,
				1BD522841FE5D22B008BAC05 /* loginController.swift in Sources */,
				1BD522711FE59FFC008BAC05 /* AppDelegate.swift in Sources */,
			);
			runOnlyForDeploymentPostprocessing = 0;
		};
/* End PBXSourcesBuildPhase section */

/* Begin PBXVariantGroup section */
		1BD522761FE59FFC008BAC05 /* Main.storyboard */ = {
			isa = PBXVariantGroup;
			children = (
				1BD522771FE59FFC008BAC05 /* Base */,
			);
			name = Main.storyboard;
			sourceTree = "<group>";
		};
/* End PBXVariantGroup section */

/* Begin XCBuildConfiguration section */
		1BD5227B1FE59FFC008BAC05 /* Debug */ = {
			isa = XCBuildConfiguration;
			buildSettings = {
				ALWAYS_SEARCH_USER_PATHS = NO;
				CLANG_ANALYZER_NONNULL = YES;
				CLANG_ANALYZER_NUMBER_OBJECT_CONVERSION = YES_AGGRESSIVE;
				CLANG_CXX_LANGUAGE_STANDARD = "gnu++14";
				CLANG_CXX_LIBRARY = "libc++";
				CLANG_ENABLE_MODULES = YES;
				CLANG_ENABLE_OBJC_ARC = YES;
				CLANG_WARN_BLOCK_CAPTURE_AUTORELEASING = YES;
				CLANG_WARN_BOOL_CONVERSION = YES;
				CLANG_WARN_COMMA = YES;
				CLANG_WARN_CONSTANT_CONVERSION = YES;
				CLANG_WARN_DIRECT_OBJC_ISA_USAGE = YES_ERROR;
				CLANG_WARN_DOCUMENTATION_COMMENTS = YES;
				CLANG_WARN_EMPTY_BODY = YES;
				CLANG_WARN_ENUM_CONVERSION = YES;
				CLANG_WARN_INFINITE_RECURSION = YES;
				CLANG_WARN_INT_CONVERSION = YES;
				CLANG_WARN_NON_LITERAL_NULL_CONVERSION = YES;
				CLANG_WARN_OBJC_LITERAL_CONVERSION = YES;
				CLANG_WARN_OBJC_ROOT_CLASS = YES_ERROR;
				CLANG_WARN_RANGE_LOOP_ANALYSIS = YES;
				CLANG_WARN_STRICT_PROTOTYPES = YES;
				CLANG_WARN_SUSPICIOUS_MOVE = YES;
				CLANG_WARN_UNGUARDED_AVAILABILITY = YES_AGGRESSIVE;
				CLANG_WARN_UNREACHABLE_CODE = YES;
				CLANG_WARN__DUPLICATE_METHOD_MATCH = YES;
				CODE_SIGN_IDENTITY = "Mac Developer";
				COPY_PHASE_STRIP = NO;
				DEBUG_INFORMATION_FORMAT = dwarf;
				ENABLE_STRICT_OBJC_MSGSEND = YES;
				ENABLE_TESTABILITY = YES;
				GCC_C_LANGUAGE_STANDARD = gnu11;
				GCC_DYNAMIC_NO_PIC = NO;
				GCC_NO_COMMON_BLOCKS = YES;
				GCC_OPTIMIZATION_LEVEL = 0;
				GCC_PREPROCESSOR_DEFINITIONS = (
					"DEBUG=1",
					"$(inherited)",
				);
				GCC_WARN_64_TO_32_BIT_CONVERSION = YES;
				GCC_WARN_ABOUT_RETURN_TYPE = YES_ERROR;
				GCC_WARN_UNDECLARED_SELECTOR = YES;
				GCC_WARN_UNINITIALIZED_AUTOS = YES_AGGRESSIVE;
				GCC_WARN_UNUSED_FUNCTION = YES;
				GCC_WARN_UNUSED_VARIABLE = YES;
				MACOSX_DEPLOYMENT_TARGET = 10.13;
				MTL_ENABLE_DEBUG_INFO = YES;
				ONLY_ACTIVE_ARCH = YES;
				SDKROOT = macosx;
				SWIFT_ACTIVE_COMPILATION_CONDITIONS = DEBUG;
				SWIFT_OPTIMIZATION_LEVEL = "-Onone";
			};
			name = Debug;
		};
		1BD5227C1FE59FFC008BAC05 /* Release */ = {
			isa = XCBuildConfiguration;
			buildSettings = {
				ALWAYS_SEARCH_USER_PATHS = NO;
				CLANG_ANALYZER_NONNULL = YES;
				CLANG_ANALYZER_NUMBER_OBJECT_CONVERSION = YES_AGGRESSIVE;
				CLANG_CXX_LANGUAGE_STANDARD = "gnu++14";
				CLANG_CXX_LIBRARY = "libc++";
				CLANG_ENABLE_MODULES = YES;
				CLANG_ENABLE_OBJC_ARC = YES;
				CLANG_WARN_BLOCK_CAPTURE_AUTORELEASING = YES;
				CLANG_WARN_BOOL_CONVERSION = YES;
				CLANG_WARN_COMMA = YES;
				CLANG_WARN_CONSTANT_CONVERSION = YES;
				CLANG_WARN_DIRECT_OBJC_ISA_USAGE = YES_ERROR;
				CLANG_WARN_DOCUMENTATION_COMMENTS = YES;
				CLANG_WARN_EMPTY_BODY = YES;
				CLANG_WARN_ENUM_CONVERSION = YES;
				CLANG_WARN_INFINITE_RECURSION = YES;
				CLANG_WARN_INT_CONVERSION = YES;
				CLANG_WARN_NON_LITERAL_NULL_CONVERSION = YES;
				CLANG_WARN_OBJC_LITERAL_CONVERSION = YES;
				CLANG_WARN_OBJC_ROOT_CLASS = YES_ERROR;
				CLANG_WARN_RANGE_LOOP_ANALYSIS = YES;
				CLANG_WARN_STRICT_PROTOTYPES = YES;
				CLANG_WARN_SUSPICIOUS_MOVE = YES;
				CLANG_WARN_UNGUARDED_AVAILABILITY = YES_AGGRESSIVE;
				CLANG_WARN_UNREACHABLE_CODE = YES;
				CLANG_WARN__DUPLICATE_METHOD_MATCH = YES;
				CODE_SIGN_IDENTITY = "Mac Developer";
				COPY_PHASE_STRIP = NO;
				DEBUG_INFORMATION_FORMAT = "dwarf-with-dsym";
				ENABLE_NS_ASSERTIONS = NO;
				ENABLE_STRICT_OBJC_MSGSEND = YES;
				GCC_C_LANGUAGE_STANDARD = gnu11;
				GCC_NO_COMMON_BLOCKS = YES;
				GCC_WARN_64_TO_32_BIT_CONVERSION = YES;
				GCC_WARN_ABOUT_RETURN_TYPE = YES_ERROR;
				GCC_WARN_UNDECLARED_SELECTOR = YES;
				GCC_WARN_UNINITIALIZED_AUTOS = YES_AGGRESSIVE;
				GCC_WARN_UNUSED_FUNCTION = YES;
				GCC_WARN_UNUSED_VARIABLE = YES;
				MACOSX_DEPLOYMENT_TARGET = 10.13;
				MTL_ENABLE_DEBUG_INFO = NO;
				SDKROOT = macosx;
				SWIFT_OPTIMIZATION_LEVEL = "-Owholemodule";
			};
			name = Release;
		};
		1BD5227E1FE59FFC008BAC05 /* Debug */ = {
			isa = XCBuildConfiguration;
			buildSettings = {
				ASSETCATALOG_COMPILER_APPICON_NAME = AppIcon;
				CODE_SIGN_STYLE = Automatic;
				COMBINE_HIDPI_IMAGES = YES;
				DEVELOPMENT_TEAM = 2CK4Z8XF4C;
				INFOPLIST_FILE = SATk/Info.plist;
				LD_RUNPATH_SEARCH_PATHS = "$(inherited) @executable_path/../Frameworks";
				PRODUCT_BUNDLE_IDENTIFIER = org.killeenisd.SATk;
				PRODUCT_NAME = "$(TARGET_NAME)";
				SWIFT_VERSION = 4.0;
			};
			name = Debug;
		};
		1BD5227F1FE59FFC008BAC05 /* Release */ = {
			isa = XCBuildConfiguration;
			buildSettings = {
				ASSETCATALOG_COMPILER_APPICON_NAME = AppIcon;
				CODE_SIGN_STYLE = Automatic;
				COMBINE_HIDPI_IMAGES = YES;
				DEVELOPMENT_TEAM = 2CK4Z8XF4C;
				INFOPLIST_FILE = SATk/Info.plist;
				LD_RUNPATH_SEARCH_PATHS = "$(inherited) @executable_path/../Frameworks";
				PRODUCT_BUNDLE_IDENTIFIER = org.killeenisd.SATk;
				PRODUCT_NAME = "$(TARGET_NAME)";
				SWIFT_VERSION = 4.0;
			};
			name = Release;
		};
/* End XCBuildConfiguration section */

/* Begin XCConfigurationList section */
		1BD522681FE59FFC008BAC05 /* Build configuration list for PBXProject "SATk" */ = {
			isa = XCConfigurationList;
			buildConfigurations = (
				1BD5227B1FE59FFC008BAC05 /* Debug */,
				1BD5227C1FE59FFC008BAC05 /* Release */,
			);
			defaultConfigurationIsVisible = 0;
			defaultConfigurationName = Release;
		};
		1BD5227D1FE59FFC008BAC05 /* Build configuration list for PBXNativeTarget "SATk" */ = {
			isa = XCConfigurationList;
			buildConfigurations = (
				1BD5227E1FE59FFC008BAC05 /* Debug */,
				1BD5227F1FE59FFC008BAC05 /* Release */,
			);
			defaultConfigurationIsVisible = 0;
			defaultConfigurationName = Release;
		};
/* End XCConfigurationList section */
	};
	rootObject = 1BD522651FE59FFC008BAC05 /* Project object */;
}
